// !$*UTF8*$!
{
	archiveVersion = 1;
	classes = {
	};
	objectVersion = 46;
	objects = {

/* Begin PBXBuildFile section */
		07332F191EB1972B00C71033 /* AppDelegate.swift in Sources */ = {isa = PBXBuildFile; fileRef = 07332F181EB1972B00C71033 /* AppDelegate.swift */; };
		07332F1B1EB1972B00C71033 /* ViewController.swift in Sources */ = {isa = PBXBuildFile; fileRef = 07332F1A1EB1972B00C71033 /* ViewController.swift */; };
		07332F1E1EB1972B00C71033 /* Main.storyboard in Resources */ = {isa = PBXBuildFile; fileRef = 07332F1C1EB1972B00C71033 /* Main.storyboard */; };
		07332F201EB1972B00C71033 /* Assets.xcassets in Resources */ = {isa = PBXBuildFile; fileRef = 07332F1F1EB1972B00C71033 /* Assets.xcassets */; };
		07332F231EB1972B00C71033 /* LaunchScreen.storyboard in Resources */ = {isa = PBXBuildFile; fileRef = 07332F211EB1972B00C71033 /* LaunchScreen.storyboard */; };
/* End PBXBuildFile section */

/* Begin PBXFileReference section */
		07332F151EB1972B00C71033 /* AdaptiveLayoutWeather.app */ = {isa = PBXFileReference; explicitFileType = wrapper.application; includeInIndex = 0; path = AdaptiveLayoutWeather.app; sourceTree = BUILT_PRODUCTS_DIR; };
		07332F181EB1972B00C71033 /* AppDelegate.swift */ = {isa = PBXFileReference; lastKnownFileType = sourcecode.swift; path = AppDelegate.swift; sourceTree = "<group>"; };
		07332F1A1EB1972B00C71033 /* ViewController.swift */ = {isa = PBXFileReference; lastKnownFileType = sourcecode.swift; path = ViewController.swift; sourceTree = "<group>"; };
		07332F1D1EB1972B00C71033 /* Base */ = {isa = PBXFileReference; lastKnownFileType = file.storyboard; name = Base; path = Base.lproj/Main.storyboard; sourceTree = "<group>"; };
		07332F1F1EB1972B00C71033 /* Assets.xcassets */ = {isa = PBXFileReference; lastKnownFileType = folder.assetcatalog; path = Assets.xcassets; sourceTree = "<group>"; };
		07332F221EB1972B00C71033 /* Base */ = {isa = PBXFileReference; lastKnownFileType = file.storyboard; name = Base; path = Base.lproj/LaunchScreen.storyboard; sourceTree = "<group>"; };
		07332F241EB1972B00C71033 /* Info.plist */ = {isa = PBXFileReference; lastKnownFileType = text.plist.xml; path = Info.plist; sourceTree = "<group>"; };
/* End PBXFileReference section */

/* Begin PBXFrameworksBuildPhase section */
		07332F121EB1972B00C71033 /* Frameworks */ = {
			isa = PBXFrameworksBuildPhase;
			buildActionMask = 2147483647;
			files = (
			);
			runOnlyForDeploymentPostprocessing = 0;
		};
/* End PBXFrameworksBuildPhase section */

/* Begin PBXGroup section */
		07332F0C1EB1972B00C71033 = {
			isa = PBXGroup;
			children = (
				07332F171EB1972B00C71033 /* AdaptiveLayoutWeather */,
				07332F161EB1972B00C71033 /* Products */,
			);
			sourceTree = "<group>";
		};
		07332F161EB1972B00C71033 /* Products */ = {
			isa = PBXGroup;
			children = (
				07332F151EB1972B00C71033 /* AdaptiveLayoutWeather.app */,
			);
			name = Products;
			sourceTree = "<group>";
		};
		07332F171EB1972B00C71033 /* AdaptiveLayoutWeather */ = {
			isa = PBXGroup;
			children = (
				07332F181EB1972B00C71033 /* AppDelegate.swift */,
				07332F1A1EB1972B00C71033 /* ViewController.swift */,
				07332F1C1EB1972B00C71033 /* Main.storyboard */,
				07332F1F1EB1972B00C71033 /* Assets.xcassets */,
				07332F211EB1972B00C71033 /* LaunchScreen.storyboard */,
				07332F241EB1972B00C71033 /* Info.plist */,
			);
			path = AdaptiveLayoutWeather;
			sourceTree = "<group>";
		};
/* End PBXGroup section */

/* Begin PBXNativeTarget section */
		07332F141EB1972B00C71033 /* AdaptiveLayoutWeather */ = {
			isa = PBXNativeTarget;
			buildConfigurationList = 07332F271EB1972B00C71033 /* Build configuration list for PBXNativeTarget "AdaptiveLayoutWeather" */;
			buildPhases = (
				07332F111EB1972B00C71033 /* Sources */,
				07332F121EB1972B00C71033 /* Frameworks */,
				07332F131EB1972B00C71033 /* Resources */,
			);
			buildRules = (
			);
			dependencies = (
			);
			name = AdaptiveLayoutWeather;
			productName = AdaptiveLayoutWeather;
			productReference = 07332F151EB1972B00C71033 /* AdaptiveLayoutWeather.app */;
			productType = "com.apple.product-type.application";
		};
/* End PBXNativeTarget section */

/* Begin PBXProject section */
		07332F0D1EB1972B00C71033 /* Project object */ = {
			isa = PBXProject;
			attributes = {
				LastSwiftUpdateCheck = 0830;
				LastUpgradeCheck = 0830;
				ORGANIZATIONNAME = ThangLQ;
				TargetAttributes = {
					07332F141EB1972B00C71033 = {
						CreatedOnToolsVersion = 8.3;
						ProvisioningStyle = Automatic;
					};
				};
			};
			buildConfigurationList = 07332F101EB1972B00C71033 /* Build configuration list for PBXProject "AdaptiveLayoutWeather" */;
			compatibilityVersion = "Xcode 3.2";
			developmentRegion = English;
			hasScannedForEncodings = 0;
			knownRegions = (
				en,
				Base,
			);
			mainGroup = 07332F0C1EB1972B00C71033;
			productRefGroup = 07332F161EB1972B00C71033 /* Products */;
			projectDirPath = "";
			projectRoot = "";
			targets = (
				07332F141EB1972B00C71033 /* AdaptiveLayoutWeather */,
			);
		};
/* End PBXProject section */

/* Begin PBXResourcesBuildPhase section */
		07332F131EB1972B00C71033 /* Resources */ = {
			isa = PBXResourcesBuildPhase;
			buildActionMask = 2147483647;
			files = (
				07332F231EB1972B00C71033 /* LaunchScreen.storyboard in Resources */,
				07332F201EB1972B00C71033 /* Assets.xcassets in Resources */,
				07332F1E1EB1972B00C71033 /* Main.storyboard in Resources */,
			);
			runOnlyForDeploymentPostprocessing = 0;
		};
/* End PBXResourcesBuildPhase section */

/* Begin PBXSourcesBuildPhase section */
		07332F111EB1972B00C71033 /* Sources */ = {
			isa = PBXSourcesBuildPhase;
			buildActionMask = 2147483647;
			files = (
				07332F1B1EB1972B00C71033 /* ViewController.swift in Sources */,
				07332F191EB1972B00C71033 /* AppDelegate.swift in Sources */,
			);
			runOnlyForDeploymentPostprocessing = 0;
		};
/* End PBXSourcesBuildPhase section */

/* Begin PBXVariantGroup section */
		07332F1C1EB1972B00C71033 /* Main.storyboard */ = {
			isa = PBXVariantGroup;
			children = (
				07332F1D1EB1972B00C71033 /* Base */,
			);
			name = Main.storyboard;
			sourceTree = "<group>";
		};
		07332F211EB1972B00C71033 /* LaunchScreen.storyboard */ = {
			isa = PBXVariantGroup;
			children = (
				07332F221EB1972B00C71033 /* Base */,
			);
			name = LaunchScreen.storyboard;
			sourceTree = "<group>";
		};
/* End PBXVariantGroup section */

/* Begin XCBuildConfiguration section */
		07332F251EB1972B00C71033 /* Debug */ = {
			isa = XCBuildConfiguration;
			buildSettings = {
				ALWAYS_SEARCH_USER_PATHS = NO;
				CLANG_ANALYZER_NONNULL = YES;
				CLANG_ANALYZER_NUMBER_OBJECT_CONVERSION = YES_AGGRESSIVE;
				CLANG_CXX_LANGUAGE_STANDARD = "gnu++0x";
				CLANG_CXX_LIBRARY = "libc++";
				CLANG_ENABLE_MODULES = YES;
				CLANG_ENABLE_OBJC_ARC = YES;
				CLANG_WARN_BOOL_CONVERSION = YES;
				CLANG_WARN_CONSTANT_CONVERSION = YES;
				CLANG_WARN_DIRECT_OBJC_ISA_USAGE = YES_ERROR;
				CLANG_WARN_DOCUMENTATION_COMMENTS = YES;
				CLANG_WARN_EMPTY_BODY = YES;
				CLANG_WARN_ENUM_CONVERSION = YES;
				CLANG_WARN_INFINITE_RECURSION = YES;
				CLANG_WARN_INT_CONVERSION = YES;
				CLANG_WARN_OBJC_ROOT_CLASS = YES_ERROR;
				CLANG_WARN_SUSPICIOUS_MOVE = YES;
				CLANG_WARN_UNREACHABLE_CODE = YES;
				CLANG_WARN__DUPLICATE_METHOD_MATCH = YES;
				"CODE_SIGN_IDENTITY[sdk=iphoneos*]" = "iPhone Developer";
				COPY_PHASE_STRIP = NO;
				DEBUG_INFORMATION_FORMAT = dwarf;
				ENABLE_STRICT_OBJC_MSGSEND = YES;
				ENABLE_TESTABILITY = YES;
				GCC_C_LANGUAGE_STANDARD = gnu99;
				GCC_DYNAMIC_NO_PIC = NO;
				GCC_NO_COMMON_BLOCKS = YES;
				GCC_OPTIMIZATION_LEVEL = 0;
				GCC_PREPROCESSOR_DEFINITIONS = (
					"DEBUG=1",
					"$(inherited)",
				);
				GCC_WARN_64_TO_32_BIT_CONVERSION = YES;
				GCC_WARN_ABOUT_RETURN_TYPE = YES_ERROR;
				GCC_WARN_UNDECLARED_SELECTOR = YES;
				GCC_WARN_UNINITIALIZED_AUTOS = YES_AGGRESSIVE;
				GCC_WARN_UNUSED_FUNCTION = YES;
				GCC_WARN_UNUSED_VARIABLE = YES;
				IPHONEOS_DEPLOYMENT_TARGET = 10.3;
				MTL_ENABLE_DEBUG_INFO = YES;
				ONLY_ACTIVE_ARCH = YES;
				SDKROOT = iphoneos;
				SWIFT_ACTIVE_COMPILATION_CONDITIONS = DEBUG;
				SWIFT_OPTIMIZATION_LEVEL = "-Onone";
				TARGETED_DEVICE_FAMILY = "1,2";
			};
			name = Debug;
		};
		07332F261EB1972B00C71033 /* Release */ = {
			isa = XCBuildConfiguration;
			buildSettings = {
				ALWAYS_SEARCH_USER_PATHS = NO;
				CLANG_ANALYZER_NONNULL = YES;
				CLANG_ANALYZER_NUMBER_OBJECT_CONVERSION = YES_AGGRESSIVE;
				CLANG_CXX_LANGUAGE_STANDARD = "gnu++0x";
				CLANG_CXX_LIBRARY = "libc++";
				CLANG_ENABLE_MODULES = YES;
				CLANG_ENABLE_OBJC_ARC = YES;
				CLANG_WARN_BOOL_CONVERSION = YES;
				CLANG_WARN_CONSTANT_CONVERSION = YES;
				CLANG_WARN_DIRECT_OBJC_ISA_USAGE = YES_ERROR;
				CLANG_WARN_DOCUMENTATION_COMMENTS = YES;
				CLANG_WARN_EMPTY_BODY = YES;
				CLANG_WARN_ENUM_CONVERSION = YES;
				CLANG_WARN_INFINITE_RECURSION = YES;
				CLANG_WARN_INT_CONVERSION = YES;
				CLANG_WARN_OBJC_ROOT_CLASS = YES_ERROR;
				CLANG_WARN_SUSPICIOUS_MOVE = YES;
				CLANG_WARN_UNREACHABLE_CODE = YES;
				CLANG_WARN__DUPLICATE_METHOD_MATCH = YES;
				"CODE_SIGN_IDENTITY[sdk=iphoneos*]" = "iPhone Developer";
				COPY_PHASE_STRIP = NO;
				DEBUG_INFORMATION_FORMAT = "dwarf-with-dsym";
				ENABLE_NS_ASSERTIONS = NO;
				ENABLE_STRICT_OBJC_MSGSEND = YES;
				GCC_C_LANGUAGE_STANDARD = gnu99;
				GCC_NO_COMMON_BLOCKS = YES;
				GCC_WARN_64_TO_32_BIT_CONVERSION = YES;
				GCC_WARN_ABOUT_RETURN_TYPE = YES_ERROR;
				GCC_WARN_UNDECLARED_SELECTOR = YES;
				GCC_WARN_UNINITIALIZED_AUTOS = YES_AGGRESSIVE;
				GCC_WARN_UNUSED_FUNCTION = YES;
				GCC_WARN_UNUSED_VARIABLE = YES;
				IPHONEOS_DEPLOYMENT_TARGET = 10.3;
				MTL_ENABLE_DEBUG_INFO = NO;
				SDKROOT = iphoneos;
				SWIFT_OPTIMIZATION_LEVEL = "-Owholemodule";
				TARGETED_DEVICE_FAMILY = "1,2";
				VALIDATE_PRODUCT = YES;
			};
			name = Release;
		};
		07332F281EB1972B00C71033 /* Debug */ = {
			isa = XCBuildConfiguration;
			buildSettings = {
				ASSETCATALOG_COMPILER_APPICON_NAME = AppIcon;
				INFOPLIST_FILE = AdaptiveLayoutWeather/Info.plist;
				LD_RUNPATH_SEARCH_PATHS = "$(inherited) @executable_path/Frameworks";
				PRODUCT_BUNDLE_IDENTIFIER = codepro.AdaptiveLayoutWeather;
				PRODUCT_NAME = "$(TARGET_NAME)";
				SWIFT_VERSION = 3.0;
			};
			name = Debug;
		};
		07332F291EB1972B00C71033 /* Release */ = {
			isa = XCBuildConfiguration;
			buildSettings = {
				ASSETCATALOG_COMPILER_APPICON_NAME = AppIcon;
				INFOPLIST_FILE = AdaptiveLayoutWeather/Info.plist;
				LD_RUNPATH_SEARCH_PATHS = "$(inherited) @executable_path/Frameworks";
				PRODUCT_BUNDLE_IDENTIFIER = codepro.AdaptiveLayoutWeather;
				PRODUCT_NAME = "$(TARGET_NAME)";
				SWIFT_VERSION = 3.0;
			};
			name = Release;
		};
/* End XCBuildConfiguration section */

/* Begin XCConfigurationList section */
		07332F101EB1972B00C71033 /* Build configuration list for PBXProject "AdaptiveLayoutWeather" */ = {
			isa = XCConfigurationList;
			buildConfigurations = (
				07332F251EB1972B00C71033 /* Debug */,
				07332F261EB1972B00C71033 /* Release */,
			);
			defaultConfigurationIsVisible = 0;
			defaultConfigurationName = Release;
		};
		07332F271EB1972B00C71033 /* Build configuration list for PBXNativeTarget "AdaptiveLayoutWeather" */ = {
			isa = XCConfigurationList;
			buildConfigurations = (
				07332F281EB1972B00C71033 /* Debug */,
				07332F291EB1972B00C71033 /* Release */,
			);
			defaultConfigurationIsVisible = 0;
		};
/* End XCConfigurationList section */
	};
	rootObject = 07332F0D1EB1972B00C71033 /* Project object */;
}
